
Microsoft Visual Studio Solution File, Format Version 12.00
# Visual Studio Version 16
VisualStudioVersion = 16.0.30204.135
MinimumVisualStudioVersion = 10.0.40219.1
Project("{F2A71F9B-5D33-465A-A702-920D77279786}") = "FalcoSwagger", "FalcoSwagger\FalcoSwagger.fsproj", "{9FDD231D-7225-4CA7-AEDF-8ACAAD4CFBA1}"
EndProject
Global
	GlobalSection(SolutionConfigurationPlatforms) = preSolution
		Debug|Any CPU = Debug|Any CPU
		Release|Any CPU = Release|Any CPU
	EndGlobalSection
	GlobalSection(ProjectConfigurationPlatforms) = postSolution
		{9FDD231D-7225-4CA7-AEDF-8ACAAD4CFBA1}.Debug|Any CPU.ActiveCfg = Debug|Any CPU
		{9FDD231D-7225-4CA7-AEDF-8ACAAD4CFBA1}.Debug|Any CPU.Build.0 = Debug|Any CPU
		{9FDD231D-7225-4CA7-AEDF-8ACAAD4CFBA1}.Release|Any CPU.ActiveCfg = Release|Any CPU
		{9FDD231D-7225-4CA7-AEDF-8ACAAD4CFBA1}.Release|Any CPU.Build.0 = Release|Any CPU
	EndGlobalSection
	GlobalSection(SolutionProperties) = preSolution
		HideSolutionNode = FALSE
	EndGlobalSection
	GlobalSection(ExtensibilityGlobals) = postSolution
		SolutionGuid = {3CDD5EF6-BAE6-4657-A662-B61EA74D7A11}
	EndGlobalSection
EndGlobal
